
Microsoft Visual Studio Solution File, Format Version 12.00
# Visual Studio 14
VisualStudioVersion = 14.0.25420.1
MinimumVisualStudioVersion = 10.0.40219.1
Project("{FAE04EC0-301F-11D3-BF4B-00C04F79EFBC}") = "BackupService", "BackupService\BackupService.csproj", "{491790C8-6BD8-4F3E-9537-8189C67C35C1}"
EndProject
Project("{54435603-DBB4-11D2-8724-00A0C9A8B90C}") = "Backup Service", "Installer\Installer.vdproj", "{A26BC449-604C-49C1-8D37-69444CA21991}"
EndProject
Global
	GlobalSection(SolutionConfigurationPlatforms) = preSolution
		Debug|Any CPU = Debug|Any CPU
		Release|Any CPU = Release|Any CPU
	EndGlobalSection
	GlobalSection(ProjectConfigurationPlatforms) = postSolution
		{491790C8-6BD8-4F3E-9537-8189C67C35C1}.Debug|Any CPU.ActiveCfg = Debug|Any CPU
		{491790C8-6BD8-4F3E-9537-8189C67C35C1}.Debug|Any CPU.Build.0 = Debug|Any CPU
		{491790C8-6BD8-4F3E-9537-8189C67C35C1}.Release|Any CPU.ActiveCfg = Release|Any CPU
		{491790C8-6BD8-4F3E-9537-8189C67C35C1}.Release|Any CPU.Build.0 = Release|Any CPU
		{A26BC449-604C-49C1-8D37-69444CA21991}.Debug|Any CPU.ActiveCfg = Debug
		{A26BC449-604C-49C1-8D37-69444CA21991}.Release|Any CPU.ActiveCfg = Release
	EndGlobalSection
	GlobalSection(SolutionProperties) = preSolution
		HideSolutionNode = FALSE
	EndGlobalSection
EndGlobal
